// !$*UTF8*$!
{
	archiveVersion = 1;
	classes = {
	};
	objectVersion = 51;
	objects = {

/* Begin PBXBuildFile section */
		3F3DBD53E5D924503786B12E /* Pods_RxDemo_RxDemoUITests.framework in Frameworks */ = {isa = PBXBuildFile; fileRef = CB98D48D24F273CFB4D61A38 /* Pods_RxDemo_RxDemoUITests.framework */; };
		4E705A6B23FBE21700F1FDA1 /* AppDelegate.swift in Sources */ = {isa = PBXBuildFile; fileRef = 4E705A6A23FBE21700F1FDA1 /* AppDelegate.swift */; };
		4E705A6D23FBE21700F1FDA1 /* SceneDelegate.swift in Sources */ = {isa = PBXBuildFile; fileRef = 4E705A6C23FBE21700F1FDA1 /* SceneDelegate.swift */; };
		4E705A6F23FBE21700F1FDA1 /* ViewController.swift in Sources */ = {isa = PBXBuildFile; fileRef = 4E705A6E23FBE21700F1FDA1 /* ViewController.swift */; };
		4E705A7223FBE21700F1FDA1 /* Main.storyboard in Resources */ = {isa = PBXBuildFile; fileRef = 4E705A7023FBE21700F1FDA1 /* Main.storyboard */; };
		4E705A7423FBE21900F1FDA1 /* Assets.xcassets in Resources */ = {isa = PBXBuildFile; fileRef = 4E705A7323FBE21900F1FDA1 /* Assets.xcassets */; };
		4E705A7723FBE21900F1FDA1 /* LaunchScreen.storyboard in Resources */ = {isa = PBXBuildFile; fileRef = 4E705A7523FBE21900F1FDA1 /* LaunchScreen.storyboard */; };
		4E705A8223FBE21900F1FDA1 /* RxDemoTests.swift in Sources */ = {isa = PBXBuildFile; fileRef = 4E705A8123FBE21900F1FDA1 /* RxDemoTests.swift */; };
		4E705A8D23FBE21900F1FDA1 /* RxDemoUITests.swift in Sources */ = {isa = PBXBuildFile; fileRef = 4E705A8C23FBE21900F1FDA1 /* RxDemoUITests.swift */; };
		4E705AA123FBF09A00F1FDA1 /* UINavigationController+Rx.swift in Sources */ = {isa = PBXBuildFile; fileRef = 4E705AA023FBF09A00F1FDA1 /* UINavigationController+Rx.swift */; };
		4E705AA323FBF15300F1FDA1 /* TaskItem.swift in Sources */ = {isa = PBXBuildFile; fileRef = 4E705AA223FBF15300F1FDA1 /* TaskItem.swift */; };
		4E705AA523FBF16C00F1FDA1 /* BindableType.swift in Sources */ = {isa = PBXBuildFile; fileRef = 4E705AA423FBF16C00F1FDA1 /* BindableType.swift */; };
		4E705AA723FBF1A600F1FDA1 /* TaskItemTableViewCell.swift in Sources */ = {isa = PBXBuildFile; fileRef = 4E705AA623FBF1A600F1FDA1 /* TaskItemTableViewCell.swift */; };
		4E705AA923FBF1C800F1FDA1 /* TaskServiceType.swift in Sources */ = {isa = PBXBuildFile; fileRef = 4E705AA823FBF1C800F1FDA1 /* TaskServiceType.swift */; };
		4E705AAB23FBF1E100F1FDA1 /* TaskService.swift in Sources */ = {isa = PBXBuildFile; fileRef = 4E705AAA23FBF1E100F1FDA1 /* TaskService.swift */; };
		4E705AAD23FBF21300F1FDA1 /* Scene.swift in Sources */ = {isa = PBXBuildFile; fileRef = 4E705AAC23FBF21300F1FDA1 /* Scene.swift */; };
		4E705AAF23FBF22500F1FDA1 /* SceneCoordinatorType.swift in Sources */ = {isa = PBXBuildFile; fileRef = 4E705AAE23FBF22500F1FDA1 /* SceneCoordinatorType.swift */; };
		4E705AB123FBF31700F1FDA1 /* SceneCoordinator.swift in Sources */ = {isa = PBXBuildFile; fileRef = 4E705AB023FBF31700F1FDA1 /* SceneCoordinator.swift */; };
		4E705AB323FBF33500F1FDA1 /* Scene+ViewController.swift in Sources */ = {isa = PBXBuildFile; fileRef = 4E705AB223FBF33500F1FDA1 /* Scene+ViewController.swift */; };
		4E705AB523FBF35000F1FDA1 /* SceneTransitionType.swift in Sources */ = {isa = PBXBuildFile; fileRef = 4E705AB423FBF35000F1FDA1 /* SceneTransitionType.swift */; };
		AF5ADB7B05EACCB911D41484 /* Pods_RxDemoTests.framework in Frameworks */ = {isa = PBXBuildFile; fileRef = 99ECCBB9B03662A5681D8C48 /* Pods_RxDemoTests.framework */; };
		AFEBDA0C8A42AB631C779676 /* Pods_RxDemo.framework in Frameworks */ = {isa = PBXBuildFile; fileRef = 0C5A034ABA3343323761E853 /* Pods_RxDemo.framework */; };
/* End PBXBuildFile section */

/* Begin PBXContainerItemProxy section */
		4E705A7E23FBE21900F1FDA1 /* PBXContainerItemProxy */ = {
			isa = PBXContainerItemProxy;
			containerPortal = 4E705A5F23FBE21700F1FDA1 /* Project object */;
			proxyType = 1;
			remoteGlobalIDString = 4E705A6623FBE21700F1FDA1;
			remoteInfo = RxDemo;
		};
		4E705A8923FBE21900F1FDA1 /* PBXContainerItemProxy */ = {
			isa = PBXContainerItemProxy;
			containerPortal = 4E705A5F23FBE21700F1FDA1 /* Project object */;
			proxyType = 1;
			remoteGlobalIDString = 4E705A6623FBE21700F1FDA1;
			remoteInfo = RxDemo;
		};
/* End PBXContainerItemProxy section */

/* Begin PBXFileReference section */
		0C5A034ABA3343323761E853 /* Pods_RxDemo.framework */ = {isa = PBXFileReference; explicitFileType = wrapper.framework; includeInIndex = 0; path = Pods_RxDemo.framework; sourceTree = BUILT_PRODUCTS_DIR; };
		4E705A6723FBE21700F1FDA1 /* RxDemo.app */ = {isa = PBXFileReference; explicitFileType = wrapper.application; includeInIndex = 0; path = RxDemo.app; sourceTree = BUILT_PRODUCTS_DIR; };
		4E705A6A23FBE21700F1FDA1 /* AppDelegate.swift */ = {isa = PBXFileReference; lastKnownFileType = sourcecode.swift; path = AppDelegate.swift; sourceTree = "<group>"; };
		4E705A6C23FBE21700F1FDA1 /* SceneDelegate.swift */ = {isa = PBXFileReference; lastKnownFileType = sourcecode.swift; path = SceneDelegate.swift; sourceTree = "<group>"; };
		4E705A6E23FBE21700F1FDA1 /* ViewController.swift */ = {isa = PBXFileReference; lastKnownFileType = sourcecode.swift; path = ViewController.swift; sourceTree = "<group>"; };
		4E705A7123FBE21700F1FDA1 /* Base */ = {isa = PBXFileReference; lastKnownFileType = file.storyboard; name = Base; path = Base.lproj/Main.storyboard; sourceTree = "<group>"; };
		4E705A7323FBE21900F1FDA1 /* Assets.xcassets */ = {isa = PBXFileReference; lastKnownFileType = folder.assetcatalog; path = Assets.xcassets; sourceTree = "<group>"; };
		4E705A7623FBE21900F1FDA1 /* Base */ = {isa = PBXFileReference; lastKnownFileType = file.storyboard; name = Base; path = Base.lproj/LaunchScreen.storyboard; sourceTree = "<group>"; };
		4E705A7823FBE21900F1FDA1 /* Info.plist */ = {isa = PBXFileReference; lastKnownFileType = text.plist.xml; path = Info.plist; sourceTree = "<group>"; };
		4E705A7D23FBE21900F1FDA1 /* RxDemoTests.xctest */ = {isa = PBXFileReference; explicitFileType = wrapper.cfbundle; includeInIndex = 0; path = RxDemoTests.xctest; sourceTree = BUILT_PRODUCTS_DIR; };
		4E705A8123FBE21900F1FDA1 /* RxDemoTests.swift */ = {isa = PBXFileReference; lastKnownFileType = sourcecode.swift; path = RxDemoTests.swift; sourceTree = "<group>"; };
		4E705A8323FBE21900F1FDA1 /* Info.plist */ = {isa = PBXFileReference; lastKnownFileType = text.plist.xml; path = Info.plist; sourceTree = "<group>"; };
		4E705A8823FBE21900F1FDA1 /* RxDemoUITests.xctest */ = {isa = PBXFileReference; explicitFileType = wrapper.cfbundle; includeInIndex = 0; path = RxDemoUITests.xctest; sourceTree = BUILT_PRODUCTS_DIR; };
		4E705A8C23FBE21900F1FDA1 /* RxDemoUITests.swift */ = {isa = PBXFileReference; lastKnownFileType = sourcecode.swift; path = RxDemoUITests.swift; sourceTree = "<group>"; };
		4E705A8E23FBE21900F1FDA1 /* Info.plist */ = {isa = PBXFileReference; lastKnownFileType = text.plist.xml; path = Info.plist; sourceTree = "<group>"; };
		4E705AA023FBF09A00F1FDA1 /* UINavigationController+Rx.swift */ = {isa = PBXFileReference; lastKnownFileType = sourcecode.swift; path = "UINavigationController+Rx.swift"; sourceTree = "<group>"; };
		4E705AA223FBF15300F1FDA1 /* TaskItem.swift */ = {isa = PBXFileReference; lastKnownFileType = sourcecode.swift; path = TaskItem.swift; sourceTree = "<group>"; };
		4E705AA423FBF16C00F1FDA1 /* BindableType.swift */ = {isa = PBXFileReference; lastKnownFileType = sourcecode.swift; path = BindableType.swift; sourceTree = "<group>"; };
		4E705AA623FBF1A600F1FDA1 /* TaskItemTableViewCell.swift */ = {isa = PBXFileReference; lastKnownFileType = sourcecode.swift; path = TaskItemTableViewCell.swift; sourceTree = "<group>"; };
		4E705AA823FBF1C800F1FDA1 /* TaskServiceType.swift */ = {isa = PBXFileReference; lastKnownFileType = sourcecode.swift; path = TaskServiceType.swift; sourceTree = "<group>"; };
		4E705AAA23FBF1E100F1FDA1 /* TaskService.swift */ = {isa = PBXFileReference; lastKnownFileType = sourcecode.swift; path = TaskService.swift; sourceTree = "<group>"; };
		4E705AAC23FBF21300F1FDA1 /* Scene.swift */ = {isa = PBXFileReference; lastKnownFileType = sourcecode.swift; path = Scene.swift; sourceTree = "<group>"; };
		4E705AAE23FBF22500F1FDA1 /* SceneCoordinatorType.swift */ = {isa = PBXFileReference; lastKnownFileType = sourcecode.swift; path = SceneCoordinatorType.swift; sourceTree = "<group>"; };
		4E705AB023FBF31700F1FDA1 /* SceneCoordinator.swift */ = {isa = PBXFileReference; lastKnownFileType = sourcecode.swift; path = SceneCoordinator.swift; sourceTree = "<group>"; };
		4E705AB223FBF33500F1FDA1 /* Scene+ViewController.swift */ = {isa = PBXFileReference; lastKnownFileType = sourcecode.swift; path = "Scene+ViewController.swift"; sourceTree = "<group>"; };
		4E705AB423FBF35000F1FDA1 /* SceneTransitionType.swift */ = {isa = PBXFileReference; lastKnownFileType = sourcecode.swift; path = SceneTransitionType.swift; sourceTree = "<group>"; };
		566A9E468A44AAD4EB3EE7A7 /* Pods-RxDemo.debug.xcconfig */ = {isa = PBXFileReference; includeInIndex = 1; lastKnownFileType = text.xcconfig; name = "Pods-RxDemo.debug.xcconfig"; path = "Target Support Files/Pods-RxDemo/Pods-RxDemo.debug.xcconfig"; sourceTree = "<group>"; };
		99ECCBB9B03662A5681D8C48 /* Pods_RxDemoTests.framework */ = {isa = PBXFileReference; explicitFileType = wrapper.framework; includeInIndex = 0; path = Pods_RxDemoTests.framework; sourceTree = BUILT_PRODUCTS_DIR; };
		B6F94D25CEE955A691710849 /* Pods-RxDemoTests.release.xcconfig */ = {isa = PBXFileReference; includeInIndex = 1; lastKnownFileType = text.xcconfig; name = "Pods-RxDemoTests.release.xcconfig"; path = "Target Support Files/Pods-RxDemoTests/Pods-RxDemoTests.release.xcconfig"; sourceTree = "<group>"; };
		B9C675708A0A4FE5E9F1BEFD /* Pods-RxDemo.release.xcconfig */ = {isa = PBXFileReference; includeInIndex = 1; lastKnownFileType = text.xcconfig; name = "Pods-RxDemo.release.xcconfig"; path = "Target Support Files/Pods-RxDemo/Pods-RxDemo.release.xcconfig"; sourceTree = "<group>"; };
		C3A9D45E12FB18401E4C18EF /* Pods-RxDemoTests.debug.xcconfig */ = {isa = PBXFileReference; includeInIndex = 1; lastKnownFileType = text.xcconfig; name = "Pods-RxDemoTests.debug.xcconfig"; path = "Target Support Files/Pods-RxDemoTests/Pods-RxDemoTests.debug.xcconfig"; sourceTree = "<group>"; };
		CB98D48D24F273CFB4D61A38 /* Pods_RxDemo_RxDemoUITests.framework */ = {isa = PBXFileReference; explicitFileType = wrapper.framework; includeInIndex = 0; path = Pods_RxDemo_RxDemoUITests.framework; sourceTree = BUILT_PRODUCTS_DIR; };
		D0570B57D3086FE34C0CB7B4 /* Pods-RxDemo-RxDemoUITests.release.xcconfig */ = {isa = PBXFileReference; includeInIndex = 1; lastKnownFileType = text.xcconfig; name = "Pods-RxDemo-RxDemoUITests.release.xcconfig"; path = "Target Support Files/Pods-RxDemo-RxDemoUITests/Pods-RxDemo-RxDemoUITests.release.xcconfig"; sourceTree = "<group>"; };
		F1FFE418C2AD5B159478DD92 /* Pods-RxDemo-RxDemoUITests.debug.xcconfig */ = {isa = PBXFileReference; includeInIndex = 1; lastKnownFileType = text.xcconfig; name = "Pods-RxDemo-RxDemoUITests.debug.xcconfig"; path = "Target Support Files/Pods-RxDemo-RxDemoUITests/Pods-RxDemo-RxDemoUITests.debug.xcconfig"; sourceTree = "<group>"; };
/* End PBXFileReference section */

/* Begin PBXFrameworksBuildPhase section */
		4E705A6423FBE21700F1FDA1 /* Frameworks */ = {
			isa = PBXFrameworksBuildPhase;
			buildActionMask = 2147483647;
			files = (
				AFEBDA0C8A42AB631C779676 /* Pods_RxDemo.framework in Frameworks */,
			);
			runOnlyForDeploymentPostprocessing = 0;
		};
		4E705A7A23FBE21900F1FDA1 /* Frameworks */ = {
			isa = PBXFrameworksBuildPhase;
			buildActionMask = 2147483647;
			files = (
				AF5ADB7B05EACCB911D41484 /* Pods_RxDemoTests.framework in Frameworks */,
			);
			runOnlyForDeploymentPostprocessing = 0;
		};
		4E705A8523FBE21900F1FDA1 /* Frameworks */ = {
			isa = PBXFrameworksBuildPhase;
			buildActionMask = 2147483647;
			files = (
				3F3DBD53E5D924503786B12E /* Pods_RxDemo_RxDemoUITests.framework in Frameworks */,
			);
			runOnlyForDeploymentPostprocessing = 0;
		};
/* End PBXFrameworksBuildPhase section */

/* Begin PBXGroup section */
		4E705A5E23FBE21700F1FDA1 = {
			isa = PBXGroup;
			children = (
				4E705A6923FBE21700F1FDA1 /* RxDemo */,
				4E705A8023FBE21900F1FDA1 /* RxDemoTests */,
				4E705A8B23FBE21900F1FDA1 /* RxDemoUITests */,
				4E705A6823FBE21700F1FDA1 /* Products */,
				F93343E49B75398931CE7862 /* Pods */,
				CB4CD5EDFD5844E826316DE0 /* Frameworks */,
			);
			sourceTree = "<group>";
		};
		4E705A6823FBE21700F1FDA1 /* Products */ = {
			isa = PBXGroup;
			children = (
				4E705A6723FBE21700F1FDA1 /* RxDemo.app */,
				4E705A7D23FBE21900F1FDA1 /* RxDemoTests.xctest */,
				4E705A8823FBE21900F1FDA1 /* RxDemoUITests.xctest */,
			);
			name = Products;
			sourceTree = "<group>";
		};
		4E705A6923FBE21700F1FDA1 /* RxDemo */ = {
			isa = PBXGroup;
			children = (
				4E705A9F23FBED9800F1FDA1 /* Cells */,
				4E705A9E23FBED8B00F1FDA1 /* Controllers */,
				4E705A9D23FBED8100F1FDA1 /* Model */,
				4E705A9C23FBED7200F1FDA1 /* Extensions */,
				4E705A9B23FBED6700F1FDA1 /* Services */,
				4E705A9A23FBED4E00F1FDA1 /* Scenes */,
				4E705A6A23FBE21700F1FDA1 /* AppDelegate.swift */,
				4E705A6C23FBE21700F1FDA1 /* SceneDelegate.swift */,
				4E705A6E23FBE21700F1FDA1 /* ViewController.swift */,
				4E705A7023FBE21700F1FDA1 /* Main.storyboard */,
				4E705A7323FBE21900F1FDA1 /* Assets.xcassets */,
				4E705A7523FBE21900F1FDA1 /* LaunchScreen.storyboard */,
				4E705A7823FBE21900F1FDA1 /* Info.plist */,
			);
			path = RxDemo;
			sourceTree = "<group>";
		};
		4E705A8023FBE21900F1FDA1 /* RxDemoTests */ = {
			isa = PBXGroup;
			children = (
				4E705A8123FBE21900F1FDA1 /* RxDemoTests.swift */,
				4E705A8323FBE21900F1FDA1 /* Info.plist */,
			);
			path = RxDemoTests;
			sourceTree = "<group>";
		};
		4E705A8B23FBE21900F1FDA1 /* RxDemoUITests */ = {
			isa = PBXGroup;
			children = (
				4E705A8C23FBE21900F1FDA1 /* RxDemoUITests.swift */,
				4E705A8E23FBE21900F1FDA1 /* Info.plist */,
			);
			path = RxDemoUITests;
			sourceTree = "<group>";
		};
		4E705A9A23FBED4E00F1FDA1 /* Scenes */ = {
			isa = PBXGroup;
			children = (
				4E705AAC23FBF21300F1FDA1 /* Scene.swift */,
				4E705AAE23FBF22500F1FDA1 /* SceneCoordinatorType.swift */,
				4E705AB023FBF31700F1FDA1 /* SceneCoordinator.swift */,
				4E705AB223FBF33500F1FDA1 /* Scene+ViewController.swift */,
				4E705AB423FBF35000F1FDA1 /* SceneTransitionType.swift */,
			);
			path = Scenes;
			sourceTree = "<group>";
		};
		4E705A9B23FBED6700F1FDA1 /* Services */ = {
			isa = PBXGroup;
			children = (
				4E705AA823FBF1C800F1FDA1 /* TaskServiceType.swift */,
				4E705AAA23FBF1E100F1FDA1 /* TaskService.swift */,
			);
			path = Services;
			sourceTree = "<group>";
		};
		4E705A9C23FBED7200F1FDA1 /* Extensions */ = {
			isa = PBXGroup;
			children = (
				4E705AA023FBF09A00F1FDA1 /* UINavigationController+Rx.swift */,
			);
			path = Extensions;
			sourceTree = "<group>";
		};
		4E705A9D23FBED8100F1FDA1 /* Model */ = {
			isa = PBXGroup;
			children = (
				4E705AA223FBF15300F1FDA1 /* TaskItem.swift */,
				4E705AA423FBF16C00F1FDA1 /* BindableType.swift */,
			);
			path = Model;
			sourceTree = "<group>";
		};
		4E705A9E23FBED8B00F1FDA1 /* Controllers */ = {
			isa = PBXGroup;
			children = (
			);
			path = Controllers;
			sourceTree = "<group>";
		};
		4E705A9F23FBED9800F1FDA1 /* Cells */ = {
			isa = PBXGroup;
			children = (
				4E705AA623FBF1A600F1FDA1 /* TaskItemTableViewCell.swift */,
			);
			path = Cells;
			sourceTree = "<group>";
		};
		CB4CD5EDFD5844E826316DE0 /* Frameworks */ = {
			isa = PBXGroup;
			children = (
				0C5A034ABA3343323761E853 /* Pods_RxDemo.framework */,
				CB98D48D24F273CFB4D61A38 /* Pods_RxDemo_RxDemoUITests.framework */,
				99ECCBB9B03662A5681D8C48 /* Pods_RxDemoTests.framework */,
			);
			name = Frameworks;
			sourceTree = "<group>";
		};
		F93343E49B75398931CE7862 /* Pods */ = {
			isa = PBXGroup;
			children = (
				566A9E468A44AAD4EB3EE7A7 /* Pods-RxDemo.debug.xcconfig */,
				B9C675708A0A4FE5E9F1BEFD /* Pods-RxDemo.release.xcconfig */,
				F1FFE418C2AD5B159478DD92 /* Pods-RxDemo-RxDemoUITests.debug.xcconfig */,
				D0570B57D3086FE34C0CB7B4 /* Pods-RxDemo-RxDemoUITests.release.xcconfig */,
				C3A9D45E12FB18401E4C18EF /* Pods-RxDemoTests.debug.xcconfig */,
				B6F94D25CEE955A691710849 /* Pods-RxDemoTests.release.xcconfig */,
			);
			path = Pods;
			sourceTree = "<group>";
		};
/* End PBXGroup section */

/* Begin PBXNativeTarget section */
		4E705A6623FBE21700F1FDA1 /* RxDemo */ = {
			isa = PBXNativeTarget;
			buildConfigurationList = 4E705A9123FBE21900F1FDA1 /* Build configuration list for PBXNativeTarget "RxDemo" */;
			buildPhases = (
				DE213BBA0BB59934836FFF7A /* [CP] Check Pods Manifest.lock */,
				4E705A6323FBE21700F1FDA1 /* Sources */,
				4E705A6423FBE21700F1FDA1 /* Frameworks */,
				4E705A6523FBE21700F1FDA1 /* Resources */,
				AA1A408FBC4E12D8472FB5EC /* [CP] Embed Pods Frameworks */,
			);
			buildRules = (
			);
			dependencies = (
			);
			name = RxDemo;
			productName = RxDemo;
			productReference = 4E705A6723FBE21700F1FDA1 /* RxDemo.app */;
			productType = "com.apple.product-type.application";
		};
		4E705A7C23FBE21900F1FDA1 /* RxDemoTests */ = {
			isa = PBXNativeTarget;
			buildConfigurationList = 4E705A9423FBE21900F1FDA1 /* Build configuration list for PBXNativeTarget "RxDemoTests" */;
			buildPhases = (
				0476DB61A4B1597E2ED4406B /* [CP] Check Pods Manifest.lock */,
				4E705A7923FBE21900F1FDA1 /* Sources */,
				4E705A7A23FBE21900F1FDA1 /* Frameworks */,
				4E705A7B23FBE21900F1FDA1 /* Resources */,
			);
			buildRules = (
			);
			dependencies = (
				4E705A7F23FBE21900F1FDA1 /* PBXTargetDependency */,
			);
			name = RxDemoTests;
			productName = RxDemoTests;
			productReference = 4E705A7D23FBE21900F1FDA1 /* RxDemoTests.xctest */;
			productType = "com.apple.product-type.bundle.unit-test";
		};
		4E705A8723FBE21900F1FDA1 /* RxDemoUITests */ = {
			isa = PBXNativeTarget;
			buildConfigurationList = 4E705A9723FBE21900F1FDA1 /* Build configuration list for PBXNativeTarget "RxDemoUITests" */;
			buildPhases = (
				81DD494634FB9AC48A8E1C3E /* [CP] Check Pods Manifest.lock */,
				4E705A8423FBE21900F1FDA1 /* Sources */,
				4E705A8523FBE21900F1FDA1 /* Frameworks */,
				4E705A8623FBE21900F1FDA1 /* Resources */,
				2298F106EE0827D4B8E158DE /* [CP] Embed Pods Frameworks */,
			);
			buildRules = (
			);
			dependencies = (
				4E705A8A23FBE21900F1FDA1 /* PBXTargetDependency */,
			);
			name = RxDemoUITests;
			productName = RxDemoUITests;
			productReference = 4E705A8823FBE21900F1FDA1 /* RxDemoUITests.xctest */;
			productType = "com.apple.product-type.bundle.ui-testing";
		};
/* End PBXNativeTarget section */

/* Begin PBXProject section */
		4E705A5F23FBE21700F1FDA1 /* Project object */ = {
			isa = PBXProject;
			attributes = {
				LastSwiftUpdateCheck = 1130;
				LastUpgradeCheck = 1130;
				ORGANIZATIONNAME = NoelObaseki;
				TargetAttributes = {
					4E705A6623FBE21700F1FDA1 = {
						CreatedOnToolsVersion = 11.3;
					};
					4E705A7C23FBE21900F1FDA1 = {
						CreatedOnToolsVersion = 11.3;
						TestTargetID = 4E705A6623FBE21700F1FDA1;
					};
					4E705A8723FBE21900F1FDA1 = {
						CreatedOnToolsVersion = 11.3;
						TestTargetID = 4E705A6623FBE21700F1FDA1;
					};
				};
			};
			buildConfigurationList = 4E705A6223FBE21700F1FDA1 /* Build configuration list for PBXProject "RxDemo" */;
			compatibilityVersion = "Xcode 9.3";
			developmentRegion = en;
			hasScannedForEncodings = 0;
			knownRegions = (
				en,
				Base,
			);
			mainGroup = 4E705A5E23FBE21700F1FDA1;
			productRefGroup = 4E705A6823FBE21700F1FDA1 /* Products */;
			projectDirPath = "";
			projectRoot = "";
			targets = (
				4E705A6623FBE21700F1FDA1 /* RxDemo */,
				4E705A7C23FBE21900F1FDA1 /* RxDemoTests */,
				4E705A8723FBE21900F1FDA1 /* RxDemoUITests */,
			);
		};
/* End PBXProject section */

/* Begin PBXResourcesBuildPhase section */
		4E705A6523FBE21700F1FDA1 /* Resources */ = {
			isa = PBXResourcesBuildPhase;
			buildActionMask = 2147483647;
			files = (
				4E705A7723FBE21900F1FDA1 /* LaunchScreen.storyboard in Resources */,
				4E705A7423FBE21900F1FDA1 /* Assets.xcassets in Resources */,
				4E705A7223FBE21700F1FDA1 /* Main.storyboard in Resources */,
			);
			runOnlyForDeploymentPostprocessing = 0;
		};
		4E705A7B23FBE21900F1FDA1 /* Resources */ = {
			isa = PBXResourcesBuildPhase;
			buildActionMask = 2147483647;
			files = (
			);
			runOnlyForDeploymentPostprocessing = 0;
		};
		4E705A8623FBE21900F1FDA1 /* Resources */ = {
			isa = PBXResourcesBuildPhase;
			buildActionMask = 2147483647;
			files = (
			);
			runOnlyForDeploymentPostprocessing = 0;
		};
/* End PBXResourcesBuildPhase section */

/* Begin PBXShellScriptBuildPhase section */
		0476DB61A4B1597E2ED4406B /* [CP] Check Pods Manifest.lock */ = {
			isa = PBXShellScriptBuildPhase;
			buildActionMask = 2147483647;
			files = (
			);
			inputFileListPaths = (
			);
			inputPaths = (
				"${PODS_PODFILE_DIR_PATH}/Podfile.lock",
				"${PODS_ROOT}/Manifest.lock",
			);
			name = "[CP] Check Pods Manifest.lock";
			outputFileListPaths = (
			);
			outputPaths = (
				"$(DERIVED_FILE_DIR)/Pods-RxDemoTests-checkManifestLockResult.txt",
			);
			runOnlyForDeploymentPostprocessing = 0;
			shellPath = /bin/sh;
			shellScript = "diff \"${PODS_PODFILE_DIR_PATH}/Podfile.lock\" \"${PODS_ROOT}/Manifest.lock\" > /dev/null\nif [ $? != 0 ] ; then\n    # print error to STDERR\n    echo \"error: The sandbox is not in sync with the Podfile.lock. Run 'pod install' or update your CocoaPods installation.\" >&2\n    exit 1\nfi\n# This output is used by Xcode 'outputs' to avoid re-running this script phase.\necho \"SUCCESS\" > \"${SCRIPT_OUTPUT_FILE_0}\"\n";
			showEnvVarsInLog = 0;
		};
		2298F106EE0827D4B8E158DE /* [CP] Embed Pods Frameworks */ = {
			isa = PBXShellScriptBuildPhase;
			buildActionMask = 2147483647;
			files = (
			);
			inputFileListPaths = (
				"${PODS_ROOT}/Target Support Files/Pods-RxDemo-RxDemoUITests/Pods-RxDemo-RxDemoUITests-frameworks-${CONFIGURATION}-input-files.xcfilelist",
			);
			name = "[CP] Embed Pods Frameworks";
			outputFileListPaths = (
				"${PODS_ROOT}/Target Support Files/Pods-RxDemo-RxDemoUITests/Pods-RxDemo-RxDemoUITests-frameworks-${CONFIGURATION}-output-files.xcfilelist",
			);
			runOnlyForDeploymentPostprocessing = 0;
			shellPath = /bin/sh;
			shellScript = "\"${PODS_ROOT}/Target Support Files/Pods-RxDemo-RxDemoUITests/Pods-RxDemo-RxDemoUITests-frameworks.sh\"\n";
			showEnvVarsInLog = 0;
		};
		81DD494634FB9AC48A8E1C3E /* [CP] Check Pods Manifest.lock */ = {
			isa = PBXShellScriptBuildPhase;
			buildActionMask = 2147483647;
			files = (
			);
			inputFileListPaths = (
			);
			inputPaths = (
				"${PODS_PODFILE_DIR_PATH}/Podfile.lock",
				"${PODS_ROOT}/Manifest.lock",
			);
			name = "[CP] Check Pods Manifest.lock";
			outputFileListPaths = (
			);
			outputPaths = (
				"$(DERIVED_FILE_DIR)/Pods-RxDemo-RxDemoUITests-checkManifestLockResult.txt",
			);
			runOnlyForDeploymentPostprocessing = 0;
			shellPath = /bin/sh;
			shellScript = "diff \"${PODS_PODFILE_DIR_PATH}/Podfile.lock\" \"${PODS_ROOT}/Manifest.lock\" > /dev/null\nif [ $? != 0 ] ; then\n    # print error to STDERR\n    echo \"error: The sandbox is not in sync with the Podfile.lock. Run 'pod install' or update your CocoaPods installation.\" >&2\n    exit 1\nfi\n# This output is used by Xcode 'outputs' to avoid re-running this script phase.\necho \"SUCCESS\" > \"${SCRIPT_OUTPUT_FILE_0}\"\n";
			showEnvVarsInLog = 0;
		};
		AA1A408FBC4E12D8472FB5EC /* [CP] Embed Pods Frameworks */ = {
			isa = PBXShellScriptBuildPhase;
			buildActionMask = 2147483647;
			files = (
			);
			inputFileListPaths = (
				"${PODS_ROOT}/Target Support Files/Pods-RxDemo/Pods-RxDemo-frameworks-${CONFIGURATION}-input-files.xcfilelist",
			);
			name = "[CP] Embed Pods Frameworks";
			outputFileListPaths = (
				"${PODS_ROOT}/Target Support Files/Pods-RxDemo/Pods-RxDemo-frameworks-${CONFIGURATION}-output-files.xcfilelist",
			);
			runOnlyForDeploymentPostprocessing = 0;
			shellPath = /bin/sh;
			shellScript = "\"${PODS_ROOT}/Target Support Files/Pods-RxDemo/Pods-RxDemo-frameworks.sh\"\n";
			showEnvVarsInLog = 0;
		};
		DE213BBA0BB59934836FFF7A /* [CP] Check Pods Manifest.lock */ = {
			isa = PBXShellScriptBuildPhase;
			buildActionMask = 2147483647;
			files = (
			);
			inputFileListPaths = (
			);
			inputPaths = (
				"${PODS_PODFILE_DIR_PATH}/Podfile.lock",
				"${PODS_ROOT}/Manifest.lock",
			);
			name = "[CP] Check Pods Manifest.lock";
			outputFileListPaths = (
			);
			outputPaths = (
				"$(DERIVED_FILE_DIR)/Pods-RxDemo-checkManifestLockResult.txt",
			);
			runOnlyForDeploymentPostprocessing = 0;
			shellPath = /bin/sh;
			shellScript = "diff \"${PODS_PODFILE_DIR_PATH}/Podfile.lock\" \"${PODS_ROOT}/Manifest.lock\" > /dev/null\nif [ $? != 0 ] ; then\n    # print error to STDERR\n    echo \"error: The sandbox is not in sync with the Podfile.lock. Run 'pod install' or update your CocoaPods installation.\" >&2\n    exit 1\nfi\n# This output is used by Xcode 'outputs' to avoid re-running this script phase.\necho \"SUCCESS\" > \"${SCRIPT_OUTPUT_FILE_0}\"\n";
			showEnvVarsInLog = 0;
		};
/* End PBXShellScriptBuildPhase section */

/* Begin PBXSourcesBuildPhase section */
		4E705A6323FBE21700F1FDA1 /* Sources */ = {
			isa = PBXSourcesBuildPhase;
			buildActionMask = 2147483647;
			files = (
				4E705A6F23FBE21700F1FDA1 /* ViewController.swift in Sources */,
				4E705AB523FBF35000F1FDA1 /* SceneTransitionType.swift in Sources */,
				4E705AA323FBF15300F1FDA1 /* TaskItem.swift in Sources */,
				4E705AAD23FBF21300F1FDA1 /* Scene.swift in Sources */,
				4E705AB123FBF31700F1FDA1 /* SceneCoordinator.swift in Sources */,
				4E705AAB23FBF1E100F1FDA1 /* TaskService.swift in Sources */,
				4E705AB323FBF33500F1FDA1 /* Scene+ViewController.swift in Sources */,
				4E705AA123FBF09A00F1FDA1 /* UINavigationController+Rx.swift in Sources */,
				4E705A6B23FBE21700F1FDA1 /* AppDelegate.swift in Sources */,
				4E705AA523FBF16C00F1FDA1 /* BindableType.swift in Sources */,
				4E705AAF23FBF22500F1FDA1 /* SceneCoordinatorType.swift in Sources */,
				4E705AA723FBF1A600F1FDA1 /* TaskItemTableViewCell.swift in Sources */,
				4E705AA923FBF1C800F1FDA1 /* TaskServiceType.swift in Sources */,
				4E705A6D23FBE21700F1FDA1 /* SceneDelegate.swift in Sources */,
			);
			runOnlyForDeploymentPostprocessing = 0;
		};
		4E705A7923FBE21900F1FDA1 /* Sources */ = {
			isa = PBXSourcesBuildPhase;
			buildActionMask = 2147483647;
			files = (
				4E705A8223FBE21900F1FDA1 /* RxDemoTests.swift in Sources */,
			);
			runOnlyForDeploymentPostprocessing = 0;
		};
		4E705A8423FBE21900F1FDA1 /* Sources */ = {
			isa = PBXSourcesBuildPhase;
			buildActionMask = 2147483647;
			files = (
				4E705A8D23FBE21900F1FDA1 /* RxDemoUITests.swift in Sources */,
			);
			runOnlyForDeploymentPostprocessing = 0;
		};
/* End PBXSourcesBuildPhase section */

/* Begin PBXTargetDependency section */
		4E705A7F23FBE21900F1FDA1 /* PBXTargetDependency */ = {
			isa = PBXTargetDependency;
			target = 4E705A6623FBE21700F1FDA1 /* RxDemo */;
			targetProxy = 4E705A7E23FBE21900F1FDA1 /* PBXContainerItemProxy */;
		};
		4E705A8A23FBE21900F1FDA1 /* PBXTargetDependency */ = {
			isa = PBXTargetDependency;
			target = 4E705A6623FBE21700F1FDA1 /* RxDemo */;
			targetProxy = 4E705A8923FBE21900F1FDA1 /* PBXContainerItemProxy */;
		};
/* End PBXTargetDependency section */

/* Begin PBXVariantGroup section */
		4E705A7023FBE21700F1FDA1 /* Main.storyboard */ = {
			isa = PBXVariantGroup;
			children = (
				4E705A7123FBE21700F1FDA1 /* Base */,
			);
			name = Main.storyboard;
			sourceTree = "<group>";
		};
		4E705A7523FBE21900F1FDA1 /* LaunchScreen.storyboard */ = {
			isa = PBXVariantGroup;
			children = (
				4E705A7623FBE21900F1FDA1 /* Base */,
			);
			name = LaunchScreen.storyboard;
			sourceTree = "<group>";
		};
/* End PBXVariantGroup section */

/* Begin XCBuildConfiguration section */
		4E705A8F23FBE21900F1FDA1 /* Debug */ = {
			isa = XCBuildConfiguration;
			buildSettings = {
				ALWAYS_SEARCH_USER_PATHS = NO;
				CLANG_ANALYZER_NONNULL = YES;
				CLANG_ANALYZER_NUMBER_OBJECT_CONVERSION = YES_AGGRESSIVE;
				CLANG_CXX_LANGUAGE_STANDARD = "gnu++14";
				CLANG_CXX_LIBRARY = "libc++";
				CLANG_ENABLE_MODULES = YES;
				CLANG_ENABLE_OBJC_ARC = YES;
				CLANG_ENABLE_OBJC_WEAK = YES;
				CLANG_WARN_BLOCK_CAPTURE_AUTORELEASING = YES;
				CLANG_WARN_BOOL_CONVERSION = YES;
				CLANG_WARN_COMMA = YES;
				CLANG_WARN_CONSTANT_CONVERSION = YES;
				CLANG_WARN_DEPRECATED_OBJC_IMPLEMENTATIONS = YES;
				CLANG_WARN_DIRECT_OBJC_ISA_USAGE = YES_ERROR;
				CLANG_WARN_DOCUMENTATION_COMMENTS = YES;
				CLANG_WARN_EMPTY_BODY = YES;
				CLANG_WARN_ENUM_CONVERSION = YES;
				CLANG_WARN_INFINITE_RECURSION = YES;
				CLANG_WARN_INT_CONVERSION = YES;
				CLANG_WARN_NON_LITERAL_NULL_CONVERSION = YES;
				CLANG_WARN_OBJC_IMPLICIT_RETAIN_SELF = YES;
				CLANG_WARN_OBJC_LITERAL_CONVERSION = YES;
				CLANG_WARN_OBJC_ROOT_CLASS = YES_ERROR;
				CLANG_WARN_RANGE_LOOP_ANALYSIS = YES;
				CLANG_WARN_STRICT_PROTOTYPES = YES;
				CLANG_WARN_SUSPICIOUS_MOVE = YES;
				CLANG_WARN_UNGUARDED_AVAILABILITY = YES_AGGRESSIVE;
				CLANG_WARN_UNREACHABLE_CODE = YES;
				CLANG_WARN__DUPLICATE_METHOD_MATCH = YES;
				COPY_PHASE_STRIP = NO;
				DEBUG_INFORMATION_FORMAT = dwarf;
				ENABLE_STRICT_OBJC_MSGSEND = YES;
				ENABLE_TESTABILITY = YES;
				GCC_C_LANGUAGE_STANDARD = gnu11;
				GCC_DYNAMIC_NO_PIC = NO;
				GCC_NO_COMMON_BLOCKS = YES;
				GCC_OPTIMIZATION_LEVEL = 0;
				GCC_PREPROCESSOR_DEFINITIONS = (
					"DEBUG=1",
					"$(inherited)",
				);
				GCC_WARN_64_TO_32_BIT_CONVERSION = YES;
				GCC_WARN_ABOUT_RETURN_TYPE = YES_ERROR;
				GCC_WARN_UNDECLARED_SELECTOR = YES;
				GCC_WARN_UNINITIALIZED_AUTOS = YES_AGGRESSIVE;
				GCC_WARN_UNUSED_FUNCTION = YES;
				GCC_WARN_UNUSED_VARIABLE = YES;
				IPHONEOS_DEPLOYMENT_TARGET = 13.2;
				MTL_ENABLE_DEBUG_INFO = INCLUDE_SOURCE;
				MTL_FAST_MATH = YES;
				ONLY_ACTIVE_ARCH = YES;
				SDKROOT = iphoneos;
				SWIFT_ACTIVE_COMPILATION_CONDITIONS = DEBUG;
				SWIFT_OPTIMIZATION_LEVEL = "-Onone";
			};
			name = Debug;
		};
		4E705A9023FBE21900F1FDA1 /* Release */ = {
			isa = XCBuildConfiguration;
			buildSettings = {
				ALWAYS_SEARCH_USER_PATHS = NO;
				CLANG_ANALYZER_NONNULL = YES;
				CLANG_ANALYZER_NUMBER_OBJECT_CONVERSION = YES_AGGRESSIVE;
				CLANG_CXX_LANGUAGE_STANDARD = "gnu++14";
				CLANG_CXX_LIBRARY = "libc++";
				CLANG_ENABLE_MODULES = YES;
				CLANG_ENABLE_OBJC_ARC = YES;
				CLANG_ENABLE_OBJC_WEAK = YES;
				CLANG_WARN_BLOCK_CAPTURE_AUTORELEASING = YES;
				CLANG_WARN_BOOL_CONVERSION = YES;
				CLANG_WARN_COMMA = YES;
				CLANG_WARN_CONSTANT_CONVERSION = YES;
				CLANG_WARN_DEPRECATED_OBJC_IMPLEMENTATIONS = YES;
				CLANG_WARN_DIRECT_OBJC_ISA_USAGE = YES_ERROR;
				CLANG_WARN_DOCUMENTATION_COMMENTS = YES;
				CLANG_WARN_EMPTY_BODY = YES;
				CLANG_WARN_ENUM_CONVERSION = YES;
				CLANG_WARN_INFINITE_RECURSION = YES;
				CLANG_WARN_INT_CONVERSION = YES;
				CLANG_WARN_NON_LITERAL_NULL_CONVERSION = YES;
				CLANG_WARN_OBJC_IMPLICIT_RETAIN_SELF = YES;
				CLANG_WARN_OBJC_LITERAL_CONVERSION = YES;
				CLANG_WARN_OBJC_ROOT_CLASS = YES_ERROR;
				CLANG_WARN_RANGE_LOOP_ANALYSIS = YES;
				CLANG_WARN_STRICT_PROTOTYPES = YES;
				CLANG_WARN_SUSPICIOUS_MOVE = YES;
				CLANG_WARN_UNGUARDED_AVAILABILITY = YES_AGGRESSIVE;
				CLANG_WARN_UNREACHABLE_CODE = YES;
				CLANG_WARN__DUPLICATE_METHOD_MATCH = YES;
				COPY_PHASE_STRIP = NO;
				DEBUG_INFORMATION_FORMAT = "dwarf-with-dsym";
				ENABLE_NS_ASSERTIONS = NO;
				ENABLE_STRICT_OBJC_MSGSEND = YES;
				GCC_C_LANGUAGE_STANDARD = gnu11;
				GCC_NO_COMMON_BLOCKS = YES;
				GCC_WARN_64_TO_32_BIT_CONVERSION = YES;
				GCC_WARN_ABOUT_RETURN_TYPE = YES_ERROR;
				GCC_WARN_UNDECLARED_SELECTOR = YES;
				GCC_WARN_UNINITIALIZED_AUTOS = YES_AGGRESSIVE;
				GCC_WARN_UNUSED_FUNCTION = YES;
				GCC_WARN_UNUSED_VARIABLE = YES;
				IPHONEOS_DEPLOYMENT_TARGET = 13.2;
				MTL_ENABLE_DEBUG_INFO = NO;
				MTL_FAST_MATH = YES;
				SDKROOT = iphoneos;
				SWIFT_COMPILATION_MODE = wholemodule;
				SWIFT_OPTIMIZATION_LEVEL = "-O";
				VALIDATE_PRODUCT = YES;
			};
			name = Release;
		};
		4E705A9223FBE21900F1FDA1 /* Debug */ = {
			isa = XCBuildConfiguration;
			baseConfigurationReference = 566A9E468A44AAD4EB3EE7A7 /* Pods-RxDemo.debug.xcconfig */;
			buildSettings = {
				ASSETCATALOG_COMPILER_APPICON_NAME = AppIcon;
				CODE_SIGN_STYLE = Automatic;
				DEVELOPMENT_TEAM = V7FHXQ47S9;
				INFOPLIST_FILE = RxDemo/Info.plist;
				LD_RUNPATH_SEARCH_PATHS = (
					"$(inherited)",
					"@executable_path/Frameworks",
				);
				PRODUCT_BUNDLE_IDENTIFIER = ng.com.Odin.RxDemo;
				PRODUCT_NAME = "$(TARGET_NAME)";
				SWIFT_VERSION = 5.0;
				TARGETED_DEVICE_FAMILY = "1,2";
			};
			name = Debug;
		};
		4E705A9323FBE21900F1FDA1 /* Release */ = {
			isa = XCBuildConfiguration;
			baseConfigurationReference = B9C675708A0A4FE5E9F1BEFD /* Pods-RxDemo.release.xcconfig */;
			buildSettings = {
				ASSETCATALOG_COMPILER_APPICON_NAME = AppIcon;
				CODE_SIGN_STYLE = Automatic;
				DEVELOPMENT_TEAM = V7FHXQ47S9;
				INFOPLIST_FILE = RxDemo/Info.plist;
				LD_RUNPATH_SEARCH_PATHS = (
					"$(inherited)",
					"@executable_path/Frameworks",
				);
				PRODUCT_BUNDLE_IDENTIFIER = ng.com.Odin.RxDemo;
				PRODUCT_NAME = "$(TARGET_NAME)";
				SWIFT_VERSION = 5.0;
				TARGETED_DEVICE_FAMILY = "1,2";
			};
			name = Release;
		};
		4E705A9523FBE21900F1FDA1 /* Debug */ = {
			isa = XCBuildConfiguration;
			baseConfigurationReference = C3A9D45E12FB18401E4C18EF /* Pods-RxDemoTests.debug.xcconfig */;
			buildSettings = {
				ALWAYS_EMBED_SWIFT_STANDARD_LIBRARIES = YES;
				BUNDLE_LOADER = "$(TEST_HOST)";
				CODE_SIGN_STYLE = Automatic;
				DEVELOPMENT_TEAM = V7FHXQ47S9;
				INFOPLIST_FILE = RxDemoTests/Info.plist;
				IPHONEOS_DEPLOYMENT_TARGET = 13.2;
				LD_RUNPATH_SEARCH_PATHS = (
					"$(inherited)",
					"@executable_path/Frameworks",
					"@loader_path/Frameworks",
				);
				PRODUCT_BUNDLE_IDENTIFIER = ng.com.Odin.RxDemoTests;
				PRODUCT_NAME = "$(TARGET_NAME)";
				SWIFT_VERSION = 5.0;
				TARGETED_DEVICE_FAMILY = "1,2";
				TEST_HOST = "$(BUILT_PRODUCTS_DIR)/RxDemo.app/RxDemo";
			};
			name = Debug;
		};
		4E705A9623FBE21900F1FDA1 /* Release */ = {
			isa = XCBuildConfiguration;
			baseConfigurationReference = B6F94D25CEE955A691710849 /* Pods-RxDemoTests.release.xcconfig */;
			buildSettings = {
				ALWAYS_EMBED_SWIFT_STANDARD_LIBRARIES = YES;
				BUNDLE_LOADER = "$(TEST_HOST)";
				CODE_SIGN_STYLE = Automatic;
				DEVELOPMENT_TEAM = V7FHXQ47S9;
				INFOPLIST_FILE = RxDemoTests/Info.plist;
				IPHONEOS_DEPLOYMENT_TARGET = 13.2;
				LD_RUNPATH_SEARCH_PATHS = (
					"$(inherited)",
					"@executable_path/Frameworks",
					"@loader_path/Frameworks",
				);
				PRODUCT_BUNDLE_IDENTIFIER = ng.com.Odin.RxDemoTests;
				PRODUCT_NAME = "$(TARGET_NAME)";
				SWIFT_VERSION = 5.0;
				TARGETED_DEVICE_FAMILY = "1,2";
				TEST_HOST = "$(BUILT_PRODUCTS_DIR)/RxDemo.app/RxDemo";
			};
			name = Release;
		};
		4E705A9823FBE21900F1FDA1 /* Debug */ = {
			isa = XCBuildConfiguration;
			baseConfigurationReference = F1FFE418C2AD5B159478DD92 /* Pods-RxDemo-RxDemoUITests.debug.xcconfig */;
			buildSettings = {
				ALWAYS_EMBED_SWIFT_STANDARD_LIBRARIES = YES;
				CODE_SIGN_STYLE = Automatic;
				DEVELOPMENT_TEAM = V7FHXQ47S9;
				INFOPLIST_FILE = RxDemoUITests/Info.plist;
				LD_RUNPATH_SEARCH_PATHS = (
					"$(inherited)",
					"@executable_path/Frameworks",
					"@loader_path/Frameworks",
				);
				PRODUCT_BUNDLE_IDENTIFIER = ng.com.Odin.RxDemoUITests;
				PRODUCT_NAME = "$(TARGET_NAME)";
				SWIFT_VERSION = 5.0;
				TARGETED_DEVICE_FAMILY = "1,2";
				TEST_TARGET_NAME = RxDemo;
			};
			name = Debug;
		};
		4E705A9923FBE21900F1FDA1 /* Release */ = {
			isa = XCBuildConfiguration;
			baseConfigurationReference = D0570B57D3086FE34C0CB7B4 /* Pods-RxDemo-RxDemoUITests.release.xcconfig */;
			buildSettings = {
				ALWAYS_EMBED_SWIFT_STANDARD_LIBRARIES = YES;
				CODE_SIGN_STYLE = Automatic;
				DEVELOPMENT_TEAM = V7FHXQ47S9;
				INFOPLIST_FILE = RxDemoUITests/Info.plist;
				LD_RUNPATH_SEARCH_PATHS = (
					"$(inherited)",
					"@executable_path/Frameworks",
					"@loader_path/Frameworks",
				);
				PRODUCT_BUNDLE_IDENTIFIER = ng.com.Odin.RxDemoUITests;
				PRODUCT_NAME = "$(TARGET_NAME)";
				SWIFT_VERSION = 5.0;
				TARGETED_DEVICE_FAMILY = "1,2";
				TEST_TARGET_NAME = RxDemo;
			};
			name = Release;
		};
/* End XCBuildConfiguration section */

/* Begin XCConfigurationList section */
		4E705A6223FBE21700F1FDA1 /* Build configuration list for PBXProject "RxDemo" */ = {
			isa = XCConfigurationList;
			buildConfigurations = (
				4E705A8F23FBE21900F1FDA1 /* Debug */,
				4E705A9023FBE21900F1FDA1 /* Release */,
			);
			defaultConfigurationIsVisible = 0;
			defaultConfigurationName = Release;
		};
		4E705A9123FBE21900F1FDA1 /* Build configuration list for PBXNativeTarget "RxDemo" */ = {
			isa = XCConfigurationList;
			buildConfigurations = (
				4E705A9223FBE21900F1FDA1 /* Debug */,
				4E705A9323FBE21900F1FDA1 /* Release */,
			);
			defaultConfigurationIsVisible = 0;
			defaultConfigurationName = Release;
		};
		4E705A9423FBE21900F1FDA1 /* Build configuration list for PBXNativeTarget "RxDemoTests" */ = {
			isa = XCConfigurationList;
			buildConfigurations = (
				4E705A9523FBE21900F1FDA1 /* Debug */,
				4E705A9623FBE21900F1FDA1 /* Release */,
			);
			defaultConfigurationIsVisible = 0;
			defaultConfigurationName = Release;
		};
		4E705A9723FBE21900F1FDA1 /* Build configuration list for PBXNativeTarget "RxDemoUITests" */ = {
			isa = XCConfigurationList;
			buildConfigurations = (
				4E705A9823FBE21900F1FDA1 /* Debug */,
				4E705A9923FBE21900F1FDA1 /* Release */,
			);
			defaultConfigurationIsVisible = 0;
			defaultConfigurationName = Release;
		};
/* End XCConfigurationList section */
	};
	rootObject = 4E705A5F23FBE21700F1FDA1 /* Project object */;
}
